
Microsoft Visual Studio Solution File, Format Version 12.00
# Visual Studio Version 16
VisualStudioVersion = 16.0.30509.190
MinimumVisualStudioVersion = 10.0.40219.1
Project("{9A19103F-16F7-4668-BE54-9A1E7A4F7556}") = "BlazorMultiselect", "BlazorMultiselect.csproj", "{BB365C65-AD16-4F18-9C20-797E10A8591F}"
EndProject
Global
	GlobalSection(SolutionConfigurationPlatforms) = preSolution
		Debug|Any CPU = Debug|Any CPU
		Release|Any CPU = Release|Any CPU
	EndGlobalSection
	GlobalSection(ProjectConfigurationPlatforms) = postSolution
		{BB365C65-AD16-4F18-9C20-797E10A8591F}.Debug|Any CPU.ActiveCfg = Debug|Any CPU
		{BB365C65-AD16-4F18-9C20-797E10A8591F}.Debug|Any CPU.Build.0 = Debug|Any CPU
		{BB365C65-AD16-4F18-9C20-797E10A8591F}.Release|Any CPU.ActiveCfg = Release|Any CPU
		{BB365C65-AD16-4F18-9C20-797E10A8591F}.Release|Any CPU.Build.0 = Release|Any CPU
	EndGlobalSection
	GlobalSection(SolutionProperties) = preSolution
		HideSolutionNode = FALSE
	EndGlobalSection
	GlobalSection(ExtensibilityGlobals) = postSolution
		SolutionGuid = {B38A1024-3CFB-4DA8-B06C-5D20E5F6073B}
	EndGlobalSection
EndGlobal
